// !$*UTF8*$!
{
	archiveVersion = 1;
	classes = {
	};
	objectVersion = 56;
	objects = {

/* Begin PBXBuildFile section */
		080252EA2A4217E600CDBE11 /* PtziApp.swift in Sources */ = {isa = PBXBuildFile; fileRef = 080252E92A4217E600CDBE11 /* PtziApp.swift */; };
		080252EC2A4217E600CDBE11 /* ContentView.swift in Sources */ = {isa = PBXBuildFile; fileRef = 080252EB2A4217E600CDBE11 /* ContentView.swift */; };
		080252EE2A4217E800CDBE11 /* Assets.xcassets in Resources */ = {isa = PBXBuildFile; fileRef = 080252ED2A4217E800CDBE11 /* Assets.xcassets */; };
		080252F22A4217E800CDBE11 /* Preview Assets.xcassets in Resources */ = {isa = PBXBuildFile; fileRef = 080252F12A4217E800CDBE11 /* Preview Assets.xcassets */; };
		080252FE2A42469700CDBE11 /* TextoModificadores.swift in Sources */ = {isa = PBXBuildFile; fileRef = 080252FD2A42469700CDBE11 /* TextoModificadores.swift */; };
		080253002A424A8D00CDBE11 /* Buttons.swift in Sources */ = {isa = PBXBuildFile; fileRef = 080252FF2A424A8D00CDBE11 /* Buttons.swift */; };
		080253022A42584B00CDBE11 /* Images.swift in Sources */ = {isa = PBXBuildFile; fileRef = 080253012A42584B00CDBE11 /* Images.swift */; };
		080E6B2A2A4351A20057942F /* TextFields.swift in Sources */ = {isa = PBXBuildFile; fileRef = 080E6B292A4351A20057942F /* TextFields.swift */; };
		080E6B2C2A43558B0057942F /* Dividers.swift in Sources */ = {isa = PBXBuildFile; fileRef = 080E6B2B2A43558B0057942F /* Dividers.swift */; };
		080E6B2E2A4357F70057942F /* HstackVstackSpacer.swift in Sources */ = {isa = PBXBuildFile; fileRef = 080E6B2D2A4357F70057942F /* HstackVstackSpacer.swift */; };
		080E6B302A435F0D0057942F /* ZstackPadding.swift in Sources */ = {isa = PBXBuildFile; fileRef = 080E6B2F2A435F0D0057942F /* ZstackPadding.swift */; };
		081F13912A575BF00066C471 /* TabViews.swift in Sources */ = {isa = PBXBuildFile; fileRef = 081F13902A575BF00066C471 /* TabViews.swift */; };
		081F13932A575D230066C471 /* Navigations.swift in Sources */ = {isa = PBXBuildFile; fileRef = 081F13922A575D230066C471 /* Navigations.swift */; };
		081F13952A5766DA0066C471 /* Player.swift in Sources */ = {isa = PBXBuildFile; fileRef = 081F13942A5766DA0066C471 /* Player.swift */; };
/* End PBXBuildFile section */

/* Begin PBXFileReference section */
		080252E62A4217E600CDBE11 /* Ptzi.app */ = {isa = PBXFileReference; explicitFileType = wrapper.application; includeInIndex = 0; path = Ptzi.app; sourceTree = BUILT_PRODUCTS_DIR; };
		080252E92A4217E600CDBE11 /* PtziApp.swift */ = {isa = PBXFileReference; lastKnownFileType = sourcecode.swift; path = PtziApp.swift; sourceTree = "<group>"; };
		080252EB2A4217E600CDBE11 /* ContentView.swift */ = {isa = PBXFileReference; lastKnownFileType = sourcecode.swift; path = ContentView.swift; sourceTree = "<group>"; };
		080252ED2A4217E800CDBE11 /* Assets.xcassets */ = {isa = PBXFileReference; lastKnownFileType = folder.assetcatalog; path = Assets.xcassets; sourceTree = "<group>"; };
		080252EF2A4217E800CDBE11 /* Ptzi.entitlements */ = {isa = PBXFileReference; lastKnownFileType = text.plist.entitlements; path = Ptzi.entitlements; sourceTree = "<group>"; };
		080252F12A4217E800CDBE11 /* Preview Assets.xcassets */ = {isa = PBXFileReference; lastKnownFileType = folder.assetcatalog; path = "Preview Assets.xcassets"; sourceTree = "<group>"; };
		080252F82A42309D00CDBE11 /* variablesConstantes.playground */ = {isa = PBXFileReference; lastKnownFileType = file.playground; path = variablesConstantes.playground; sourceTree = "<group>"; xcLanguageSpecificationIdentifier = xcode.lang.swift; };
		080252FA2A4238EB00CDBE11 /* funciones.playground */ = {isa = PBXFileReference; lastKnownFileType = file.playground; path = funciones.playground; sourceTree = "<group>"; xcLanguageSpecificationIdentifier = xcode.lang.swift; };
		080252FB2A423D2000CDBE11 /* estructura.playground */ = {isa = PBXFileReference; lastKnownFileType = file.playground; path = estructura.playground; sourceTree = "<group>"; xcLanguageSpecificationIdentifier = xcode.lang.swift; };
		080252FC2A42432A00CDBE11 /* ComputerProperties.playground */ = {isa = PBXFileReference; lastKnownFileType = file.playground; path = ComputerProperties.playground; sourceTree = "<group>"; xcLanguageSpecificationIdentifier = xcode.lang.swift; };
		080252FD2A42469700CDBE11 /* TextoModificadores.swift */ = {isa = PBXFileReference; lastKnownFileType = sourcecode.swift; path = TextoModificadores.swift; sourceTree = "<group>"; };
		080252FF2A424A8D00CDBE11 /* Buttons.swift */ = {isa = PBXFileReference; lastKnownFileType = sourcecode.swift; path = Buttons.swift; sourceTree = "<group>"; };
		080253012A42584B00CDBE11 /* Images.swift */ = {isa = PBXFileReference; lastKnownFileType = sourcecode.swift; path = Images.swift; sourceTree = "<group>"; };
		080E6B292A4351A20057942F /* TextFields.swift */ = {isa = PBXFileReference; lastKnownFileType = sourcecode.swift; path = TextFields.swift; sourceTree = "<group>"; };
		080E6B2B2A43558B0057942F /* Dividers.swift */ = {isa = PBXFileReference; lastKnownFileType = sourcecode.swift; path = Dividers.swift; sourceTree = "<group>"; };
		080E6B2D2A4357F70057942F /* HstackVstackSpacer.swift */ = {isa = PBXFileReference; lastKnownFileType = sourcecode.swift; path = HstackVstackSpacer.swift; sourceTree = "<group>"; };
		080E6B2F2A435F0D0057942F /* ZstackPadding.swift */ = {isa = PBXFileReference; lastKnownFileType = sourcecode.swift; path = ZstackPadding.swift; sourceTree = "<group>"; };
		081F13902A575BF00066C471 /* TabViews.swift */ = {isa = PBXFileReference; lastKnownFileType = sourcecode.swift; path = TabViews.swift; sourceTree = "<group>"; };
		081F13922A575D230066C471 /* Navigations.swift */ = {isa = PBXFileReference; lastKnownFileType = sourcecode.swift; path = Navigations.swift; sourceTree = "<group>"; };
		081F13942A5766DA0066C471 /* Player.swift */ = {isa = PBXFileReference; lastKnownFileType = sourcecode.swift; path = Player.swift; sourceTree = "<group>"; };
/* End PBXFileReference section */

/* Begin PBXFrameworksBuildPhase section */
		080252E32A4217E600CDBE11 /* Frameworks */ = {
			isa = PBXFrameworksBuildPhase;
			buildActionMask = 2147483647;
			files = (
			);
			runOnlyForDeploymentPostprocessing = 0;
		};
/* End PBXFrameworksBuildPhase section */

/* Begin PBXGroup section */
		080252DD2A4217E600CDBE11 = {
			isa = PBXGroup;
			children = (
				080252E82A4217E600CDBE11 /* Ptzi */,
				080252E72A4217E600CDBE11 /* Products */,
			);
			sourceTree = "<group>";
		};
		080252E72A4217E600CDBE11 /* Products */ = {
			isa = PBXGroup;
			children = (
				080252E62A4217E600CDBE11 /* Ptzi.app */,
			);
			name = Products;
			sourceTree = "<group>";
		};
		080252E82A4217E600CDBE11 /* Ptzi */ = {
			isa = PBXGroup;
			children = (
				080252F92A4238C900CDBE11 /* Playgrounds */,
				080252E92A4217E600CDBE11 /* PtziApp.swift */,
				080252EB2A4217E600CDBE11 /* ContentView.swift */,
				080252ED2A4217E800CDBE11 /* Assets.xcassets */,
				080252EF2A4217E800CDBE11 /* Ptzi.entitlements */,
				080252F02A4217E800CDBE11 /* Preview Content */,
				080252FD2A42469700CDBE11 /* TextoModificadores.swift */,
				080252FF2A424A8D00CDBE11 /* Buttons.swift */,
				080253012A42584B00CDBE11 /* Images.swift */,
				080E6B292A4351A20057942F /* TextFields.swift */,
				080E6B2B2A43558B0057942F /* Dividers.swift */,
				080E6B2D2A4357F70057942F /* HstackVstackSpacer.swift */,
				080E6B2F2A435F0D0057942F /* ZstackPadding.swift */,
				081F13902A575BF00066C471 /* TabViews.swift */,
				081F13922A575D230066C471 /* Navigations.swift */,
				081F13942A5766DA0066C471 /* Player.swift */,
			);
			path = Ptzi;
			sourceTree = "<group>";
		};
		080252F02A4217E800CDBE11 /* Preview Content */ = {
			isa = PBXGroup;
			children = (
				080252F12A4217E800CDBE11 /* Preview Assets.xcassets */,
			);
			path = "Preview Content";
			sourceTree = "<group>";
		};
		080252F92A4238C900CDBE11 /* Playgrounds */ = {
			isa = PBXGroup;
			children = (
				080252F82A42309D00CDBE11 /* variablesConstantes.playground */,
				080252FA2A4238EB00CDBE11 /* funciones.playground */,
				080252FB2A423D2000CDBE11 /* estructura.playground */,
				080252FC2A42432A00CDBE11 /* ComputerProperties.playground */,
			);
			path = Playgrounds;
			sourceTree = "<group>";
		};
/* End PBXGroup section */

/* Begin PBXNativeTarget section */
		080252E52A4217E600CDBE11 /* Ptzi */ = {
			isa = PBXNativeTarget;
			buildConfigurationList = 080252F52A4217E800CDBE11 /* Build configuration list for PBXNativeTarget "Ptzi" */;
			buildPhases = (
				080252E22A4217E600CDBE11 /* Sources */,
				080252E32A4217E600CDBE11 /* Frameworks */,
				080252E42A4217E600CDBE11 /* Resources */,
			);
			buildRules = (
			);
			dependencies = (
			);
			name = Ptzi;
			productName = Ptzi;
			productReference = 080252E62A4217E600CDBE11 /* Ptzi.app */;
			productType = "com.apple.product-type.application";
		};
/* End PBXNativeTarget section */

/* Begin PBXProject section */
		080252DE2A4217E600CDBE11 /* Project object */ = {
			isa = PBXProject;
			attributes = {
				BuildIndependentTargetsInParallel = 1;
				LastSwiftUpdateCheck = 1430;
				LastUpgradeCheck = 1430;
				TargetAttributes = {
					080252E52A4217E600CDBE11 = {
						CreatedOnToolsVersion = 14.3;
					};
				};
			};
			buildConfigurationList = 080252E12A4217E600CDBE11 /* Build configuration list for PBXProject "Ptzi" */;
			compatibilityVersion = "Xcode 14.0";
			developmentRegion = en;
			hasScannedForEncodings = 0;
			knownRegions = (
				en,
				Base,
			);
			mainGroup = 080252DD2A4217E600CDBE11;
			productRefGroup = 080252E72A4217E600CDBE11 /* Products */;
			projectDirPath = "";
			projectRoot = "";
			targets = (
				080252E52A4217E600CDBE11 /* Ptzi */,
			);
		};
/* End PBXProject section */

/* Begin PBXResourcesBuildPhase section */
		080252E42A4217E600CDBE11 /* Resources */ = {
			isa = PBXResourcesBuildPhase;
			buildActionMask = 2147483647;
			files = (
				080252F22A4217E800CDBE11 /* Preview Assets.xcassets in Resources */,
				080252EE2A4217E800CDBE11 /* Assets.xcassets in Resources */,
			);
			runOnlyForDeploymentPostprocessing = 0;
		};
/* End PBXResourcesBuildPhase section */

/* Begin PBXSourcesBuildPhase section */
		080252E22A4217E600CDBE11 /* Sources */ = {
			isa = PBXSourcesBuildPhase;
			buildActionMask = 2147483647;
			files = (
				080252FE2A42469700CDBE11 /* TextoModificadores.swift in Sources */,
				080E6B2C2A43558B0057942F /* Dividers.swift in Sources */,
				080252EC2A4217E600CDBE11 /* ContentView.swift in Sources */,
				080E6B2E2A4357F70057942F /* HstackVstackSpacer.swift in Sources */,
				081F13952A5766DA0066C471 /* Player.swift in Sources */,
				080253022A42584B00CDBE11 /* Images.swift in Sources */,
				080252EA2A4217E600CDBE11 /* PtziApp.swift in Sources */,
				081F13912A575BF00066C471 /* TabViews.swift in Sources */,
				080253002A424A8D00CDBE11 /* Buttons.swift in Sources */,
				080E6B2A2A4351A20057942F /* TextFields.swift in Sources */,
				081F13932A575D230066C471 /* Navigations.swift in Sources */,
				080E6B302A435F0D0057942F /* ZstackPadding.swift in Sources */,
			);
			runOnlyForDeploymentPostprocessing = 0;
		};
/* End PBXSourcesBuildPhase section */

/* Begin XCBuildConfiguration section */
		080252F32A4217E800CDBE11 /* Debug */ = {
			isa = XCBuildConfiguration;
			buildSettings = {
				ALWAYS_SEARCH_USER_PATHS = NO;
				CLANG_ANALYZER_NONNULL = YES;
				CLANG_ANALYZER_NUMBER_OBJECT_CONVERSION = YES_AGGRESSIVE;
				CLANG_CXX_LANGUAGE_STANDARD = "gnu++20";
				CLANG_ENABLE_MODULES = YES;
				CLANG_ENABLE_OBJC_ARC = YES;
				CLANG_ENABLE_OBJC_WEAK = YES;
				CLANG_WARN_BLOCK_CAPTURE_AUTORELEASING = YES;
				CLANG_WARN_BOOL_CONVERSION = YES;
				CLANG_WARN_COMMA = YES;
				CLANG_WARN_CONSTANT_CONVERSION = YES;
				CLANG_WARN_DEPRECATED_OBJC_IMPLEMENTATIONS = YES;
				CLANG_WARN_DIRECT_OBJC_ISA_USAGE = YES_ERROR;
				CLANG_WARN_DOCUMENTATION_COMMENTS = YES;
				CLANG_WARN_EMPTY_BODY = YES;
				CLANG_WARN_ENUM_CONVERSION = YES;
				CLANG_WARN_INFINITE_RECURSION = YES;
				CLANG_WARN_INT_CONVERSION = YES;
				CLANG_WARN_NON_LITERAL_NULL_CONVERSION = YES;
				CLANG_WARN_OBJC_IMPLICIT_RETAIN_SELF = YES;
				CLANG_WARN_OBJC_LITERAL_CONVERSION = YES;
				CLANG_WARN_OBJC_ROOT_CLASS = YES_ERROR;
				CLANG_WARN_QUOTED_INCLUDE_IN_FRAMEWORK_HEADER = YES;
				CLANG_WARN_RANGE_LOOP_ANALYSIS = YES;
				CLANG_WARN_STRICT_PROTOTYPES = YES;
				CLANG_WARN_SUSPICIOUS_MOVE = YES;
				CLANG_WARN_UNGUARDED_AVAILABILITY = YES_AGGRESSIVE;
				CLANG_WARN_UNREACHABLE_CODE = YES;
				CLANG_WARN__DUPLICATE_METHOD_MATCH = YES;
				COPY_PHASE_STRIP = NO;
				DEBUG_INFORMATION_FORMAT = dwarf;
				ENABLE_STRICT_OBJC_MSGSEND = YES;
				ENABLE_TESTABILITY = YES;
				GCC_C_LANGUAGE_STANDARD = gnu11;
				GCC_DYNAMIC_NO_PIC = NO;
				GCC_NO_COMMON_BLOCKS = YES;
				GCC_OPTIMIZATION_LEVEL = 0;
				GCC_PREPROCESSOR_DEFINITIONS = (
					"DEBUG=1",
					"$(inherited)",
				);
				GCC_WARN_64_TO_32_BIT_CONVERSION = YES;
				GCC_WARN_ABOUT_RETURN_TYPE = YES_ERROR;
				GCC_WARN_UNDECLARED_SELECTOR = YES;
				GCC_WARN_UNINITIALIZED_AUTOS = YES_AGGRESSIVE;
				GCC_WARN_UNUSED_FUNCTION = YES;
				GCC_WARN_UNUSED_VARIABLE = YES;
				MTL_ENABLE_DEBUG_INFO = INCLUDE_SOURCE;
				MTL_FAST_MATH = YES;
				ONLY_ACTIVE_ARCH = YES;
				SWIFT_ACTIVE_COMPILATION_CONDITIONS = DEBUG;
				SWIFT_OPTIMIZATION_LEVEL = "-Onone";
			};
			name = Debug;
		};
		080252F42A4217E800CDBE11 /* Release */ = {
			isa = XCBuildConfiguration;
			buildSettings = {
				ALWAYS_SEARCH_USER_PATHS = NO;
				CLANG_ANALYZER_NONNULL = YES;
				CLANG_ANALYZER_NUMBER_OBJECT_CONVERSION = YES_AGGRESSIVE;
				CLANG_CXX_LANGUAGE_STANDARD = "gnu++20";
				CLANG_ENABLE_MODULES = YES;
				CLANG_ENABLE_OBJC_ARC = YES;
				CLANG_ENABLE_OBJC_WEAK = YES;
				CLANG_WARN_BLOCK_CAPTURE_AUTORELEASING = YES;
				CLANG_WARN_BOOL_CONVERSION = YES;
				CLANG_WARN_COMMA = YES;
				CLANG_WARN_CONSTANT_CONVERSION = YES;
				CLANG_WARN_DEPRECATED_OBJC_IMPLEMENTATIONS = YES;
				CLANG_WARN_DIRECT_OBJC_ISA_USAGE = YES_ERROR;
				CLANG_WARN_DOCUMENTATION_COMMENTS = YES;
				CLANG_WARN_EMPTY_BODY = YES;
				CLANG_WARN_ENUM_CONVERSION = YES;
				CLANG_WARN_INFINITE_RECURSION = YES;
				CLANG_WARN_INT_CONVERSION = YES;
				CLANG_WARN_NON_LITERAL_NULL_CONVERSION = YES;
				CLANG_WARN_OBJC_IMPLICIT_RETAIN_SELF = YES;
				CLANG_WARN_OBJC_LITERAL_CONVERSION = YES;
				CLANG_WARN_OBJC_ROOT_CLASS = YES_ERROR;
				CLANG_WARN_QUOTED_INCLUDE_IN_FRAMEWORK_HEADER = YES;
				CLANG_WARN_RANGE_LOOP_ANALYSIS = YES;
				CLANG_WARN_STRICT_PROTOTYPES = YES;
				CLANG_WARN_SUSPICIOUS_MOVE = YES;
				CLANG_WARN_UNGUARDED_AVAILABILITY = YES_AGGRESSIVE;
				CLANG_WARN_UNREACHABLE_CODE = YES;
				CLANG_WARN__DUPLICATE_METHOD_MATCH = YES;
				COPY_PHASE_STRIP = NO;
				DEBUG_INFORMATION_FORMAT = "dwarf-with-dsym";
				ENABLE_NS_ASSERTIONS = NO;
				ENABLE_STRICT_OBJC_MSGSEND = YES;
				GCC_C_LANGUAGE_STANDARD = gnu11;
				GCC_NO_COMMON_BLOCKS = YES;
				GCC_WARN_64_TO_32_BIT_CONVERSION = YES;
				GCC_WARN_ABOUT_RETURN_TYPE = YES_ERROR;
				GCC_WARN_UNDECLARED_SELECTOR = YES;
				GCC_WARN_UNINITIALIZED_AUTOS = YES_AGGRESSIVE;
				GCC_WARN_UNUSED_FUNCTION = YES;
				GCC_WARN_UNUSED_VARIABLE = YES;
				MTL_ENABLE_DEBUG_INFO = NO;
				MTL_FAST_MATH = YES;
				SWIFT_COMPILATION_MODE = wholemodule;
				SWIFT_OPTIMIZATION_LEVEL = "-O";
			};
			name = Release;
		};
		080252F62A4217E800CDBE11 /* Debug */ = {
			isa = XCBuildConfiguration;
			buildSettings = {
				ASSETCATALOG_COMPILER_APPICON_NAME = AppIcon;
				ASSETCATALOG_COMPILER_GLOBAL_ACCENT_COLOR_NAME = AccentColor;
				CODE_SIGN_ENTITLEMENTS = Ptzi/Ptzi.entitlements;
				CODE_SIGN_STYLE = Automatic;
				CURRENT_PROJECT_VERSION = 1;
				DEVELOPMENT_ASSET_PATHS = "\"Ptzi/Preview Content\"";
				DEVELOPMENT_TEAM = 5QQYV7YGKF;
				ENABLE_HARDENED_RUNTIME = YES;
				ENABLE_PREVIEWS = YES;
				GENERATE_INFOPLIST_FILE = YES;
				"INFOPLIST_KEY_UIApplicationSceneManifest_Generation[sdk=iphoneos*]" = YES;
				"INFOPLIST_KEY_UIApplicationSceneManifest_Generation[sdk=iphonesimulator*]" = YES;
				"INFOPLIST_KEY_UIApplicationSupportsIndirectInputEvents[sdk=iphoneos*]" = YES;
				"INFOPLIST_KEY_UIApplicationSupportsIndirectInputEvents[sdk=iphonesimulator*]" = YES;
				"INFOPLIST_KEY_UILaunchScreen_Generation[sdk=iphoneos*]" = YES;
				"INFOPLIST_KEY_UILaunchScreen_Generation[sdk=iphonesimulator*]" = YES;
				"INFOPLIST_KEY_UIStatusBarStyle[sdk=iphoneos*]" = UIStatusBarStyleDefault;
				"INFOPLIST_KEY_UIStatusBarStyle[sdk=iphonesimulator*]" = UIStatusBarStyleDefault;
				INFOPLIST_KEY_UISupportedInterfaceOrientations_iPad = "UIInterfaceOrientationPortrait UIInterfaceOrientationPortraitUpsideDown UIInterfaceOrientationLandscapeLeft UIInterfaceOrientationLandscapeRight";
				INFOPLIST_KEY_UISupportedInterfaceOrientations_iPhone = "UIInterfaceOrientationPortrait UIInterfaceOrientationLandscapeLeft UIInterfaceOrientationLandscapeRight";
				IPHONEOS_DEPLOYMENT_TARGET = 16.4;
				LD_RUNPATH_SEARCH_PATHS = "@executable_path/Frameworks";
				"LD_RUNPATH_SEARCH_PATHS[sdk=macosx*]" = "@executable_path/../Frameworks";
				MACOSX_DEPLOYMENT_TARGET = 13.3;
				MARKETING_VERSION = 1.0;
				PRODUCT_BUNDLE_IDENTIFIER = com.anibalmunoz.Ptzi;
				PRODUCT_NAME = "$(TARGET_NAME)";
				SDKROOT = auto;
				SUPPORTED_PLATFORMS = "iphoneos iphonesimulator macosx";
				SWIFT_EMIT_LOC_STRINGS = YES;
				SWIFT_VERSION = 5.0;
				TARGETED_DEVICE_FAMILY = "1,2";
			};
			name = Debug;
		};
		080252F72A4217E800CDBE11 /* Release */ = {
			isa = XCBuildConfiguration;
			buildSettings = {
				ASSETCATALOG_COMPILER_APPICON_NAME = AppIcon;
				ASSETCATALOG_COMPILER_GLOBAL_ACCENT_COLOR_NAME = AccentColor;
				CODE_SIGN_ENTITLEMENTS = Ptzi/Ptzi.entitlements;
				CODE_SIGN_STYLE = Automatic;
				CURRENT_PROJECT_VERSION = 1;
				DEVELOPMENT_ASSET_PATHS = "\"Ptzi/Preview Content\"";
				DEVELOPMENT_TEAM = 5QQYV7YGKF;
				ENABLE_HARDENED_RUNTIME = YES;
				ENABLE_PREVIEWS = YES;
				GENERATE_INFOPLIST_FILE = YES;
				"INFOPLIST_KEY_UIApplicationSceneManifest_Generation[sdk=iphoneos*]" = YES;
				"INFOPLIST_KEY_UIApplicationSceneManifest_Generation[sdk=iphonesimulator*]" = YES;
				"INFOPLIST_KEY_UIApplicationSupportsIndirectInputEvents[sdk=iphoneos*]" = YES;
				"INFOPLIST_KEY_UIApplicationSupportsIndirectInputEvents[sdk=iphonesimulator*]" = YES;
				"INFOPLIST_KEY_UILaunchScreen_Generation[sdk=iphoneos*]" = YES;
				"INFOPLIST_KEY_UILaunchScreen_Generation[sdk=iphonesimulator*]" = YES;
				"INFOPLIST_KEY_UIStatusBarStyle[sdk=iphoneos*]" = UIStatusBarStyleDefault;
				"INFOPLIST_KEY_UIStatusBarStyle[sdk=iphonesimulator*]" = UIStatusBarStyleDefault;
				INFOPLIST_KEY_UISupportedInterfaceOrientations_iPad = "UIInterfaceOrientationPortrait UIInterfaceOrientationPortraitUpsideDown UIInterfaceOrientationLandscapeLeft UIInterfaceOrientationLandscapeRight";
				INFOPLIST_KEY_UISupportedInterfaceOrientations_iPhone = "UIInterfaceOrientationPortrait UIInterfaceOrientationLandscapeLeft UIInterfaceOrientationLandscapeRight";
				IPHONEOS_DEPLOYMENT_TARGET = 16.4;
				LD_RUNPATH_SEARCH_PATHS = "@executable_path/Frameworks";
				"LD_RUNPATH_SEARCH_PATHS[sdk=macosx*]" = "@executable_path/../Frameworks";
				MACOSX_DEPLOYMENT_TARGET = 13.3;
				MARKETING_VERSION = 1.0;
				PRODUCT_BUNDLE_IDENTIFIER = com.anibalmunoz.Ptzi;
				PRODUCT_NAME = "$(TARGET_NAME)";
				SDKROOT = auto;
				SUPPORTED_PLATFORMS = "iphoneos iphonesimulator macosx";
				SWIFT_EMIT_LOC_STRINGS = YES;
				SWIFT_VERSION = 5.0;
				TARGETED_DEVICE_FAMILY = "1,2";
			};
			name = Release;
		};
/* End XCBuildConfiguration section */

/* Begin XCConfigurationList section */
		080252E12A4217E600CDBE11 /* Build configuration list for PBXProject "Ptzi" */ = {
			isa = XCConfigurationList;
			buildConfigurations = (
				080252F32A4217E800CDBE11 /* Debug */,
				080252F42A4217E800CDBE11 /* Release */,
			);
			defaultConfigurationIsVisible = 0;
			defaultConfigurationName = Release;
		};
		080252F52A4217E800CDBE11 /* Build configuration list for PBXNativeTarget "Ptzi" */ = {
			isa = XCConfigurationList;
			buildConfigurations = (
				080252F62A4217E800CDBE11 /* Debug */,
				080252F72A4217E800CDBE11 /* Release */,
			);
			defaultConfigurationIsVisible = 0;
			defaultConfigurationName = Release;
		};
/* End XCConfigurationList section */
	};
	rootObject = 080252DE2A4217E600CDBE11 /* Project object */;
}
